<?xml version="1.0" encoding="utf-8"?>
<Project ToolsVersion="4.0" xmlns="http://schemas.microsoft.com/developer/msbuild/2003">
  <ItemGroup>
    <Filter Include="Header Files">
      <UniqueIdentifier>{93995380-89BD-4b04-88EB-625FBE52EBFB}</UniqueIdentifier>
      <Extensions>h;hh;hpp;hxx;h++;hm;inl;inc;ipp;xsd</Extensions>
    </Filter>
    <Filter Include="Resource Files">
      <UniqueIdentifier>{67DA6AB6-F800-4c08-8B7A-83BB121AAD01}</UniqueIdentifier>
      <Extensions>rc;ico;cur;bmp;dlg;rc2;rct;bin;rgs;gif;jpg;jpeg;jpe;resx;tiff;tif;png;wav;mfcribbon-ms</Extensions>
    </Filter>
    <Filter Include="Source Files">
      <UniqueIdentifier>{4FC737F1-C7A5-4376-A066-2A32D752A2FF}</UniqueIdentifier>
      <Extensions>cpp;c;cc;cxx;c++;cppm;ixx;def;odl;idl;hpj;bat;asm;asmx</Extensions>
    </Filter>
  </ItemGroup>
  <ItemGroup>
    <ClCompile Include="main.cpp">
      <Filter>Source Files</Filter>
    </ClCompile>
    <ClCompile Include="te_device.cpp">
      <Filter>Source Files</Filter>
    </ClCompile>
    <ClCompile Include="re_window.cpp">
      <Filter>Source Files</Filter>
    </ClCompile>
    <ClCompile Include="war_sim.cpp">
      <Filter>Source Files</Filter>
    </ClCompile>
    <ClCompile Include="re_pipeline.cpp">
      <Filter>Source Files</Filter>
    </ClCompile>
    <ClCompile Include="te_swap_chain.cpp">
      <Filter>Source Files</Filter>
    </ClCompile>
    <ClCompile Include="te_model.hpp">
      <Filter>Header Files</Filter>
    </ClCompile>
    <ClCompile Include="te_model.cpp">
      <Filter>Source Files</Filter>
    </ClCompile>
    <ClCompile Include="te_game_object.hpp">
      <Filter>Header Files</Filter>
    </ClCompile>
    <ClCompile Include="te_renderer.cpp">
      <Filter>Source Files</Filter>
    </ClCompile>
    <ClCompile Include="simple_render_system.cpp">
      <Filter>Source Files</Filter>
    </ClCompile>
    <ClCompile Include="te_camera.cpp">
      <Filter>Source Files</Filter>
    </ClCompile>
    <ClCompile Include="keyboard_movement_controller.cpp">
      <Filter>Source Files</Filter>
    </ClCompile>
    <ClCompile Include="te_buffer.hpp">
      <Filter>Header Files</Filter>
    </ClCompile>
    <ClCompile Include="te_buffer.cpp">
      <Filter>Source Files</Filter>
    </ClCompile>
    <ClCompile Include="te_descriptors.hpp">
      <Filter>Header Files</Filter>
    </ClCompile>
    <ClCompile Include="te_descriptors.cpp">
      <Filter>Source Files</Filter>
    </ClCompile>
    <ClCompile Include="te_game_object.cpp">
      <Filter>Source Files</Filter>
    </ClCompile>
    <ClCompile Include="te_texture.cpp">
      <Filter>Source Files</Filter>
    </ClCompile>
    <ClCompile Include="te_command.cpp">
      <Filter>Source Files</Filter>
    </ClCompile>
    <ClCompile Include="te_resource.cpp">
      <Filter>Source Files</Filter>
    </ClCompile>
    <ClCompile Include="te_logger.cpp">
      <Filter>Source Files</Filter>
    </ClCompile>
    <ClCompile Include="te_physics.cpp">
      <Filter>Source Files</Filter>
    </ClCompile>
  </ItemGroup>
  <ItemGroup>
    <ClInclude Include="te_device.hpp">
      <Filter>Header Files</Filter>
    </ClInclude>
    <ClInclude Include="re_window.hpp">
      <Filter>Header Files</Filter>
    </ClInclude>
    <ClInclude Include="war_sim.hpp">
      <Filter>Header Files</Filter>
    </ClInclude>
    <ClInclude Include="re_pipeline.hpp">
      <Filter>Header Files</Filter>
    </ClInclude>
    <ClInclude Include="te_utils.hpp">
      <Filter>Header Files</Filter>
    </ClInclude>
    <ClInclude Include="te_swap_chain.hpp">
      <Filter>Header Files</Filter>
    </ClInclude>
    <ClInclude Include="te_renderer.hpp">
      <Filter>Header Files</Filter>
    </ClInclude>
    <ClInclude Include="simple_render_system.hpp">
      <Filter>Header Files</Filter>
    </ClInclude>
    <ClInclude Include="te_camera.hpp">
      <Filter>Header Files</Filter>
    </ClInclude>
    <ClInclude Include="keyboard_movement_controller.hpp">
      <Filter>Header Files</Filter>
    </ClInclude>
    <ClInclude Include="te_frame_info.hpp">
      <Filter>Header Files</Filter>
    </ClInclude>
    <ClInclude Include="particle_system.hpp">
      <Filter>Header Files</Filter>
    </ClInclude>
    <ClInclude Include="te_thread.hpp">
      <Filter>Header Files</Filter>
    </ClInclude>
    <ClInclude Include="stb_image.h">
      <Filter>Header Files</Filter>
    </ClInclude>
    <ClInclude Include="test_class.hpp">
      <Filter>Header Files</Filter>
    </ClInclude>
    <ClInclude Include="te_texture.hpp">
      <Filter>Header Files</Filter>
    </ClInclude>
    <ClInclude Include="te_command.hpp">
      <Filter>Header Files</Filter>
    </ClInclude>
    <ClInclude Include="te_logger.hpp">
      <Filter>Header Files</Filter>
    </ClInclude>
    <ClInclude Include="te_resource.hpp">
      <Filter>Header Files</Filter>
    </ClInclude>
    <ClInclude Include="te_physics.hpp">
      <Filter>Header Files</Filter>
    </ClInclude>
  </ItemGroup>
</Project>